// !$*UTF8*$!
{
	archiveVersion = 1;
	classes = {
	};
	objectVersion = 46;
	objects = {

/* Begin PBXBuildFile section */
		1E1CBAF21FA079BC31D9870E /* libPods-OAuthioSwiftExample.a in Frameworks */ = {isa = PBXBuildFile; fileRef = 40674AFD905F01991CA25233 /* libPods-OAuthioSwiftExample.a */; settings = {ATTRIBUTES = (Required, ); }; };
		7178D5091A03A542009DFE3C /* AppDelegate.swift in Sources */ = {isa = PBXBuildFile; fileRef = 7178D5081A03A542009DFE3C /* AppDelegate.swift */; };
		7178D50B1A03A542009DFE3C /* ViewController.swift in Sources */ = {isa = PBXBuildFile; fileRef = 7178D50A1A03A542009DFE3C /* ViewController.swift */; };
		7178D50E1A03A542009DFE3C /* Main.storyboard in Resources */ = {isa = PBXBuildFile; fileRef = 7178D50C1A03A542009DFE3C /* Main.storyboard */; };
		7178D5101A03A542009DFE3C /* Images.xcassets in Resources */ = {isa = PBXBuildFile; fileRef = 7178D50F1A03A542009DFE3C /* Images.xcassets */; };
		7178D5131A03A542009DFE3C /* LaunchScreen.xib in Resources */ = {isa = PBXBuildFile; fileRef = 7178D5111A03A542009DFE3C /* LaunchScreen.xib */; };
		7178D51F1A03A542009DFE3C /* OAuthioSwiftExampleTests.swift in Sources */ = {isa = PBXBuildFile; fileRef = 7178D51E1A03A542009DFE3C /* OAuthioSwiftExampleTests.swift */; };
		7178D5291A03A5B5009DFE3C /* Podfile in Resources */ = {isa = PBXBuildFile; fileRef = 7178D5281A03A5B5009DFE3C /* Podfile */; };
		7178D5701A03F2F2009DFE3C /* README.md in Sources */ = {isa = PBXBuildFile; fileRef = 7178D56F1A03F2F2009DFE3C /* README.md */; };
/* End PBXBuildFile section */

/* Begin PBXContainerItemProxy section */
		7178D5191A03A542009DFE3C /* PBXContainerItemProxy */ = {
			isa = PBXContainerItemProxy;
			containerPortal = 7178D4FB1A03A542009DFE3C /* Project object */;
			proxyType = 1;
			remoteGlobalIDString = 7178D5021A03A542009DFE3C;
			remoteInfo = OAuthioSwiftExample;
		};
/* End PBXContainerItemProxy section */

/* Begin PBXFileReference section */
		267358D6CB1B39A4DD8EDD6B /* Pods-OAuthioSwiftExample.debug.xcconfig */ = {isa = PBXFileReference; includeInIndex = 1; lastKnownFileType = text.xcconfig; name = "Pods-OAuthioSwiftExample.debug.xcconfig"; path = "Pods/Target Support Files/Pods-OAuthioSwiftExample/Pods-OAuthioSwiftExample.debug.xcconfig"; sourceTree = "<group>"; };
		40674AFD905F01991CA25233 /* libPods-OAuthioSwiftExample.a */ = {isa = PBXFileReference; explicitFileType = archive.ar; includeInIndex = 0; path = "libPods-OAuthioSwiftExample.a"; sourceTree = BUILT_PRODUCTS_DIR; };
		7178D5031A03A542009DFE3C /* OAuthioSwiftExample.app */ = {isa = PBXFileReference; explicitFileType = wrapper.application; includeInIndex = 0; path = OAuthioSwiftExample.app; sourceTree = BUILT_PRODUCTS_DIR; };
		7178D5071A03A542009DFE3C /* Info.plist */ = {isa = PBXFileReference; lastKnownFileType = text.plist.xml; path = Info.plist; sourceTree = "<group>"; };
		7178D5081A03A542009DFE3C /* AppDelegate.swift */ = {isa = PBXFileReference; lastKnownFileType = sourcecode.swift; path = AppDelegate.swift; sourceTree = "<group>"; };
		7178D50A1A03A542009DFE3C /* ViewController.swift */ = {isa = PBXFileReference; lastKnownFileType = sourcecode.swift; path = ViewController.swift; sourceTree = "<group>"; };
		7178D50D1A03A542009DFE3C /* Base */ = {isa = PBXFileReference; lastKnownFileType = file.storyboard; name = Base; path = Base.lproj/Main.storyboard; sourceTree = "<group>"; };
		7178D50F1A03A542009DFE3C /* Images.xcassets */ = {isa = PBXFileReference; lastKnownFileType = folder.assetcatalog; path = Images.xcassets; sourceTree = "<group>"; };
		7178D5121A03A542009DFE3C /* Base */ = {isa = PBXFileReference; lastKnownFileType = file.xib; name = Base; path = Base.lproj/LaunchScreen.xib; sourceTree = "<group>"; };
		7178D5181A03A542009DFE3C /* OAuthioSwiftExampleTests.xctest */ = {isa = PBXFileReference; explicitFileType = wrapper.cfbundle; includeInIndex = 0; path = OAuthioSwiftExampleTests.xctest; sourceTree = BUILT_PRODUCTS_DIR; };
		7178D51D1A03A542009DFE3C /* Info.plist */ = {isa = PBXFileReference; lastKnownFileType = text.plist.xml; path = Info.plist; sourceTree = "<group>"; };
		7178D51E1A03A542009DFE3C /* OAuthioSwiftExampleTests.swift */ = {isa = PBXFileReference; lastKnownFileType = sourcecode.swift; path = OAuthioSwiftExampleTests.swift; sourceTree = "<group>"; };
		7178D5281A03A5B5009DFE3C /* Podfile */ = {isa = PBXFileReference; fileEncoding = 4; lastKnownFileType = text; path = Podfile; sourceTree = "<group>"; xcLanguageSpecificationIdentifier = xcode.lang.ruby; };
		7178D52A1A03A601009DFE3C /* OAuthioSwiftExample-Bridging-Header.h */ = {isa = PBXFileReference; lastKnownFileType = sourcecode.c.h; path = "OAuthioSwiftExample-Bridging-Header.h"; sourceTree = "<group>"; };
		7178D56F1A03F2F2009DFE3C /* README.md */ = {isa = PBXFileReference; fileEncoding = 4; lastKnownFileType = net.daringfireball.markdown; path = README.md; sourceTree = "<group>"; };
		9797112BFA33057C7179CFE7 /* Pods-OAuthioSwiftExample.release.xcconfig */ = {isa = PBXFileReference; includeInIndex = 1; lastKnownFileType = text.xcconfig; name = "Pods-OAuthioSwiftExample.release.xcconfig"; path = "Pods/Target Support Files/Pods-OAuthioSwiftExample/Pods-OAuthioSwiftExample.release.xcconfig"; sourceTree = "<group>"; };
/* End PBXFileReference section */

/* Begin PBXFrameworksBuildPhase section */
		7178D5001A03A542009DFE3C /* Frameworks */ = {
			isa = PBXFrameworksBuildPhase;
			buildActionMask = 2147483647;
			files = (
				1E1CBAF21FA079BC31D9870E /* libPods-OAuthioSwiftExample.a in Frameworks */,
			);
			runOnlyForDeploymentPostprocessing = 0;
		};
		7178D5151A03A542009DFE3C /* Frameworks */ = {
			isa = PBXFrameworksBuildPhase;
			buildActionMask = 2147483647;
			files = (
			);
			runOnlyForDeploymentPostprocessing = 0;
		};
/* End PBXFrameworksBuildPhase section */

/* Begin PBXGroup section */
		597A297FD5A87084DDDD4EA5 /* Frameworks */ = {
			isa = PBXGroup;
			children = (
				40674AFD905F01991CA25233 /* libPods-OAuthioSwiftExample.a */,
			);
			name = Frameworks;
			sourceTree = "<group>";
		};
		5F74D84F7931A1EF74AA99E4 /* Pods */ = {
			isa = PBXGroup;
			children = (
				267358D6CB1B39A4DD8EDD6B /* Pods-OAuthioSwiftExample.debug.xcconfig */,
				9797112BFA33057C7179CFE7 /* Pods-OAuthioSwiftExample.release.xcconfig */,
			);
			name = Pods;
			sourceTree = "<group>";
		};
		7178D4FA1A03A542009DFE3C = {
			isa = PBXGroup;
			children = (
				7178D56F1A03F2F2009DFE3C /* README.md */,
				7178D5281A03A5B5009DFE3C /* Podfile */,
				7178D5051A03A542009DFE3C /* OAuthioSwiftExample */,
				7178D51B1A03A542009DFE3C /* OAuthioSwiftExampleTests */,
				7178D5041A03A542009DFE3C /* Products */,
				7178D52A1A03A601009DFE3C /* OAuthioSwiftExample-Bridging-Header.h */,
				5F74D84F7931A1EF74AA99E4 /* Pods */,
				597A297FD5A87084DDDD4EA5 /* Frameworks */,
			);
			sourceTree = "<group>";
		};
		7178D5041A03A542009DFE3C /* Products */ = {
			isa = PBXGroup;
			children = (
				7178D5031A03A542009DFE3C /* OAuthioSwiftExample.app */,
				7178D5181A03A542009DFE3C /* OAuthioSwiftExampleTests.xctest */,
			);
			name = Products;
			sourceTree = "<group>";
		};
		7178D5051A03A542009DFE3C /* OAuthioSwiftExample */ = {
			isa = PBXGroup;
			children = (
				7178D5081A03A542009DFE3C /* AppDelegate.swift */,
				7178D50A1A03A542009DFE3C /* ViewController.swift */,
				7178D50C1A03A542009DFE3C /* Main.storyboard */,
				7178D50F1A03A542009DFE3C /* Images.xcassets */,
				7178D5111A03A542009DFE3C /* LaunchScreen.xib */,
				7178D5061A03A542009DFE3C /* Supporting Files */,
			);
			path = OAuthioSwiftExample;
			sourceTree = "<group>";
		};
		7178D5061A03A542009DFE3C /* Supporting Files */ = {
			isa = PBXGroup;
			children = (
				7178D5071A03A542009DFE3C /* Info.plist */,
			);
			name = "Supporting Files";
			sourceTree = "<group>";
		};
		7178D51B1A03A542009DFE3C /* OAuthioSwiftExampleTests */ = {
			isa = PBXGroup;
			children = (
				7178D51E1A03A542009DFE3C /* OAuthioSwiftExampleTests.swift */,
				7178D51C1A03A542009DFE3C /* Supporting Files */,
			);
			path = OAuthioSwiftExampleTests;
			sourceTree = "<group>";
		};
		7178D51C1A03A542009DFE3C /* Supporting Files */ = {
			isa = PBXGroup;
			children = (
				7178D51D1A03A542009DFE3C /* Info.plist */,
			);
			name = "Supporting Files";
			sourceTree = "<group>";
		};
/* End PBXGroup section */

/* Begin PBXNativeTarget section */
		7178D5021A03A542009DFE3C /* OAuthioSwiftExample */ = {
			isa = PBXNativeTarget;
			buildConfigurationList = 7178D5221A03A542009DFE3C /* Build configuration list for PBXNativeTarget "OAuthioSwiftExample" */;
			buildPhases = (
				CC50E9C2B31C9F83456CF60A /* [CP] Check Pods Manifest.lock */,
				7178D4FF1A03A542009DFE3C /* Sources */,
				7178D5001A03A542009DFE3C /* Frameworks */,
				7178D5011A03A542009DFE3C /* Resources */,
				0243B3DE45BACE1CD22C579A /* [CP] Embed Pods Frameworks */,
				FA77DB528DB482E2B647E4A0 /* [CP] Copy Pods Resources */,
			);
			buildRules = (
			);
			dependencies = (
			);
			name = OAuthioSwiftExample;
			productName = OAuthioSwiftExample;
			productReference = 7178D5031A03A542009DFE3C /* OAuthioSwiftExample.app */;
			productType = "com.apple.product-type.application";
		};
		7178D5171A03A542009DFE3C /* OAuthioSwiftExampleTests */ = {
			isa = PBXNativeTarget;
			buildConfigurationList = 7178D5251A03A542009DFE3C /* Build configuration list for PBXNativeTarget "OAuthioSwiftExampleTests" */;
			buildPhases = (
				7178D5141A03A542009DFE3C /* Sources */,
				7178D5151A03A542009DFE3C /* Frameworks */,
				7178D5161A03A542009DFE3C /* Resources */,
			);
			buildRules = (
			);
			dependencies = (
				7178D51A1A03A542009DFE3C /* PBXTargetDependency */,
			);
			name = OAuthioSwiftExampleTests;
			productName = OAuthioSwiftExampleTests;
			productReference = 7178D5181A03A542009DFE3C /* OAuthioSwiftExampleTests.xctest */;
			productType = "com.apple.product-type.bundle.unit-test";
		};
/* End PBXNativeTarget section */

/* Begin PBXProject section */
		7178D4FB1A03A542009DFE3C /* Project object */ = {
			isa = PBXProject;
			attributes = {
				LastUpgradeCheck = 0800;
				ORGANIZATIONNAME = OAuth.io;
				TargetAttributes = {
					7178D5021A03A542009DFE3C = {
						CreatedOnToolsVersion = 6.1;
						LastSwiftMigration = 0800;
					};
					7178D5171A03A542009DFE3C = {
						CreatedOnToolsVersion = 6.1;
						LastSwiftMigration = 0800;
						TestTargetID = 7178D5021A03A542009DFE3C;
					};
				};
			};
			buildConfigurationList = 7178D4FE1A03A542009DFE3C /* Build configuration list for PBXProject "OAuthioSwiftExample" */;
			compatibilityVersion = "Xcode 3.2";
			developmentRegion = English;
			hasScannedForEncodings = 0;
			knownRegions = (
				en,
				Base,
			);
			mainGroup = 7178D4FA1A03A542009DFE3C;
			productRefGroup = 7178D5041A03A542009DFE3C /* Products */;
			projectDirPath = "";
			projectRoot = "";
			targets = (
				7178D5021A03A542009DFE3C /* OAuthioSwiftExample */,
				7178D5171A03A542009DFE3C /* OAuthioSwiftExampleTests */,
			);
		};
/* End PBXProject section */

/* Begin PBXResourcesBuildPhase section */
		7178D5011A03A542009DFE3C /* Resources */ = {
			isa = PBXResourcesBuildPhase;
			buildActionMask = 2147483647;
			files = (
				7178D50E1A03A542009DFE3C /* Main.storyboard in Resources */,
				7178D5131A03A542009DFE3C /* LaunchScreen.xib in Resources */,
				7178D5291A03A5B5009DFE3C /* Podfile in Resources */,
				7178D5101A03A542009DFE3C /* Images.xcassets in Resources */,
			);
			runOnlyForDeploymentPostprocessing = 0;
		};
		7178D5161A03A542009DFE3C /* Resources */ = {
			isa = PBXResourcesBuildPhase;
			buildActionMask = 2147483647;
			files = (
			);
			runOnlyForDeploymentPostprocessing = 0;
		};
/* End PBXResourcesBuildPhase section */

/* Begin PBXShellScriptBuildPhase section */
		0243B3DE45BACE1CD22C579A /* [CP] Embed Pods Frameworks */ = {
			isa = PBXShellScriptBuildPhase;
			buildActionMask = 2147483647;
			files = (
			);
			inputPaths = (
			);
			name = "[CP] Embed Pods Frameworks";
			outputPaths = (
			);
			runOnlyForDeploymentPostprocessing = 0;
			shellPath = /bin/sh;
			shellScript = "\"${SRCROOT}/Pods/Target Support Files/Pods-OAuthioSwiftExample/Pods-OAuthioSwiftExample-frameworks.sh\"\n";
			showEnvVarsInLog = 0;
		};
		CC50E9C2B31C9F83456CF60A /* [CP] Check Pods Manifest.lock */ = {
			isa = PBXShellScriptBuildPhase;
			buildActionMask = 2147483647;
			files = (
			);
			inputPaths = (
			);
			name = "[CP] Check Pods Manifest.lock";
			outputPaths = (
			);
			runOnlyForDeploymentPostprocessing = 0;
			shellPath = /bin/sh;
			shellScript = "diff \"${PODS_ROOT}/../Podfile.lock\" \"${PODS_ROOT}/Manifest.lock\" > /dev/null\nif [ $? != 0 ] ; then\n    # print error to STDERR\n    echo \"error: The sandbox is not in sync with the Podfile.lock. Run 'pod install' or update your CocoaPods installation.\" >&2\n    exit 1\nfi\n";
			showEnvVarsInLog = 0;
		};
		FA77DB528DB482E2B647E4A0 /* [CP] Copy Pods Resources */ = {
			isa = PBXShellScriptBuildPhase;
			buildActionMask = 2147483647;
			files = (
			);
			inputPaths = (
			);
			name = "[CP] Copy Pods Resources";
			outputPaths = (
			);
			runOnlyForDeploymentPostprocessing = 0;
			shellPath = /bin/sh;
			shellScript = "\"${SRCROOT}/Pods/Target Support Files/Pods-OAuthioSwiftExample/Pods-OAuthioSwiftExample-resources.sh\"\n";
			showEnvVarsInLog = 0;
		};
/* End PBXShellScriptBuildPhase section */

/* Begin PBXSourcesBuildPhase section */
		7178D4FF1A03A542009DFE3C /* Sources */ = {
			isa = PBXSourcesBuildPhase;
			buildActionMask = 2147483647;
			files = (
				7178D5701A03F2F2009DFE3C /* README.md in Sources */,
				7178D50B1A03A542009DFE3C /* ViewController.swift in Sources */,
				7178D5091A03A542009DFE3C /* AppDelegate.swift in Sources */,
			);
			runOnlyForDeploymentPostprocessing = 0;
		};
		7178D5141A03A542009DFE3C /* Sources */ = {
			isa = PBXSourcesBuildPhase;
			buildActionMask = 2147483647;
			files = (
				7178D51F1A03A542009DFE3C /* OAuthioSwiftExampleTests.swift in Sources */,
			);
			runOnlyForDeploymentPostprocessing = 0;
		};
/* End PBXSourcesBuildPhase section */

/* Begin PBXTargetDependency section */
		7178D51A1A03A542009DFE3C /* PBXTargetDependency */ = {
			isa = PBXTargetDependency;
			target = 7178D5021A03A542009DFE3C /* OAuthioSwiftExample */;
			targetProxy = 7178D5191A03A542009DFE3C /* PBXContainerItemProxy */;
		};
/* End PBXTargetDependency section */

/* Begin PBXVariantGroup section */
		7178D50C1A03A542009DFE3C /* Main.storyboard */ = {
			isa = PBXVariantGroup;
			children = (
				7178D50D1A03A542009DFE3C /* Base */,
			);
			name = Main.storyboard;
			sourceTree = "<group>";
		};
		7178D5111A03A542009DFE3C /* LaunchScreen.xib */ = {
			isa = PBXVariantGroup;
			children = (
				7178D5121A03A542009DFE3C /* Base */,
			);
			name = LaunchScreen.xib;
			sourceTree = "<group>";
		};
/* End PBXVariantGroup section */

/* Begin XCBuildConfiguration section */
		7178D5201A03A542009DFE3C /* Debug */ = {
			isa = XCBuildConfiguration;
			buildSettings = {
				ALWAYS_SEARCH_USER_PATHS = NO;
				CLANG_CXX_LANGUAGE_STANDARD = "gnu++0x";
				CLANG_CXX_LIBRARY = "libc++";
				CLANG_ENABLE_MODULES = YES;
				CLANG_ENABLE_OBJC_ARC = YES;
				CLANG_WARN_BOOL_CONVERSION = YES;
				CLANG_WARN_CONSTANT_CONVERSION = YES;
				CLANG_WARN_DIRECT_OBJC_ISA_USAGE = YES_ERROR;
				CLANG_WARN_EMPTY_BODY = YES;
				CLANG_WARN_ENUM_CONVERSION = YES;
				CLANG_WARN_INFINITE_RECURSION = YES;
				CLANG_WARN_INT_CONVERSION = YES;
				CLANG_WARN_OBJC_ROOT_CLASS = YES_ERROR;
				CLANG_WARN_SUSPICIOUS_MOVE = YES;
				CLANG_WARN_UNREACHABLE_CODE = YES;
				CLANG_WARN__DUPLICATE_METHOD_MATCH = YES;
				"CODE_SIGN_IDENTITY[sdk=iphoneos*]" = "iPhone Developer";
				COPY_PHASE_STRIP = NO;
				ENABLE_STRICT_OBJC_MSGSEND = YES;
				ENABLE_TESTABILITY = YES;
				GCC_C_LANGUAGE_STANDARD = gnu99;
				GCC_DYNAMIC_NO_PIC = NO;
				GCC_NO_COMMON_BLOCKS = YES;
				GCC_OPTIMIZATION_LEVEL = 0;
				GCC_PREPROCESSOR_DEFINITIONS = (
					"DEBUG=1",
					"$(inherited)",
				);
				GCC_SYMBOLS_PRIVATE_EXTERN = NO;
				GCC_WARN_64_TO_32_BIT_CONVERSION = YES;
				GCC_WARN_ABOUT_RETURN_TYPE = YES_ERROR;
				GCC_WARN_UNDECLARED_SELECTOR = YES;
				GCC_WARN_UNINITIALIZED_AUTOS = YES_AGGRESSIVE;
				GCC_WARN_UNUSED_FUNCTION = YES;
				GCC_WARN_UNUSED_VARIABLE = YES;
				IPHONEOS_DEPLOYMENT_TARGET = 8.1;
				MTL_ENABLE_DEBUG_INFO = YES;
				ONLY_ACTIVE_ARCH = YES;
				SDKROOT = iphoneos;
				SWIFT_OPTIMIZATION_LEVEL = "-Onone";
			};
			name = Debug;
		};
		7178D5211A03A542009DFE3C /* Release */ = {
			isa = XCBuildConfiguration;
			buildSettings = {
				ALWAYS_SEARCH_USER_PATHS = NO;
				CLANG_CXX_LANGUAGE_STANDARD = "gnu++0x";
				CLANG_CXX_LIBRARY = "libc++";
				CLANG_ENABLE_MODULES = YES;
				CLANG_ENABLE_OBJC_ARC = YES;
				CLANG_WARN_BOOL_CONVERSION = YES;
				CLANG_WARN_CONSTANT_CONVERSION = YES;
				CLANG_WARN_DIRECT_OBJC_ISA_USAGE = YES_ERROR;
				CLANG_WARN_EMPTY_BODY = YES;
				CLANG_WARN_ENUM_CONVERSION = YES;
				CLANG_WARN_INFINITE_RECURSION = YES;
				CLANG_WARN_INT_CONVERSION = YES;
				CLANG_WARN_OBJC_ROOT_CLASS = YES_ERROR;
				CLANG_WARN_SUSPICIOUS_MOVE = YES;
				CLANG_WARN_UNREACHABLE_CODE = YES;
				CLANG_WARN__DUPLICATE_METHOD_MATCH = YES;
				"CODE_SIGN_IDENTITY[sdk=iphoneos*]" = "iPhone Developer";
				COPY_PHASE_STRIP = YES;
				ENABLE_NS_ASSERTIONS = NO;
				ENABLE_STRICT_OBJC_MSGSEND = YES;
				GCC_C_LANGUAGE_STANDARD = gnu99;
				GCC_NO_COMMON_BLOCKS = YES;
				GCC_WARN_64_TO_32_BIT_CONVERSION = YES;
				GCC_WARN_ABOUT_RETURN_TYPE = YES_ERROR;
				GCC_WARN_UNDECLARED_SELECTOR = YES;
				GCC_WARN_UNINITIALIZED_AUTOS = YES_AGGRESSIVE;
				GCC_WARN_UNUSED_FUNCTION = YES;
				GCC_WARN_UNUSED_VARIABLE = YES;
				IPHONEOS_DEPLOYMENT_TARGET = 8.1;
				MTL_ENABLE_DEBUG_INFO = NO;
				SDKROOT = iphoneos;
				SWIFT_OPTIMIZATION_LEVEL = "-Owholemodule";
				VALIDATE_PRODUCT = YES;
			};
			name = Release;
		};
		7178D5231A03A542009DFE3C /* Debug */ = {
			isa = XCBuildConfiguration;
			baseConfigurationReference = 267358D6CB1B39A4DD8EDD6B /* Pods-OAuthioSwiftExample.debug.xcconfig */;
			buildSettings = {
				ASSETCATALOG_COMPILER_APPICON_NAME = AppIcon;
				CLANG_ENABLE_MODULES = YES;
				INFOPLIST_FILE = OAuthioSwiftExample/Info.plist;
				LD_RUNPATH_SEARCH_PATHS = "$(inherited) @executable_path/Frameworks";
				PRODUCT_BUNDLE_IDENTIFIER = "com.oauthio.$(PRODUCT_NAME:rfc1034identifier)";
				PRODUCT_NAME = "$(TARGET_NAME)";
				SWIFT_OBJC_BRIDGING_HEADER = "OAuthioSwiftExample-Bridging-Header.h";
				SWIFT_OPTIMIZATION_LEVEL = "-Onone";
				SWIFT_VERSION = 3.0;
			};
			name = Debug;
		};
		7178D5241A03A542009DFE3C /* Release */ = {
			isa = XCBuildConfiguration;
			baseConfigurationReference = 9797112BFA33057C7179CFE7 /* Pods-OAuthioSwiftExample.release.xcconfig */;
			buildSettings = {
				ASSETCATALOG_COMPILER_APPICON_NAME = AppIcon;
				CLANG_ENABLE_MODULES = YES;
				INFOPLIST_FILE = OAuthioSwiftExample/Info.plist;
				LD_RUNPATH_SEARCH_PATHS = "$(inherited) @executable_path/Frameworks";
				PRODUCT_BUNDLE_IDENTIFIER = "com.oauthio.$(PRODUCT_NAME:rfc1034identifier)";
				PRODUCT_NAME = "$(TARGET_NAME)";
				SWIFT_OBJC_BRIDGING_HEADER = "OAuthioSwiftExample-Bridging-Header.h";
				SWIFT_VERSION = 3.0;
			};
			name = Release;
		};
		7178D5261A03A542009DFE3C /* Debug */ = {
			isa = XCBuildConfiguration;
			buildSettings = {
				BUNDLE_LOADER = "$(TEST_HOST)";
				FRAMEWORK_SEARCH_PATHS = (
					"$(SDKROOT)/Developer/Library/Frameworks",
					"$(inherited)",
				);
				GCC_PREPROCESSOR_DEFINITIONS = (
					"DEBUG=1",
					"$(inherited)",
				);
				INFOPLIST_FILE = OAuthioSwiftExampleTests/Info.plist;
				LD_RUNPATH_SEARCH_PATHS = "$(inherited) @executable_path/Frameworks @loader_path/Frameworks";
				PRODUCT_BUNDLE_IDENTIFIER = "com.oauthio.$(PRODUCT_NAME:rfc1034identifier)";
				PRODUCT_NAME = "$(TARGET_NAME)";
				SWIFT_VERSION = 3.0;
				TEST_HOST = "$(BUILT_PRODUCTS_DIR)/OAuthioSwiftExample.app/OAuthioSwiftExample";
			};
			name = Debug;
		};
		7178D5271A03A542009DFE3C /* Release */ = {
			isa = XCBuildConfiguration;
			buildSettings = {
				BUNDLE_LOADER = "$(TEST_HOST)";
				FRAMEWORK_SEARCH_PATHS = (
					"$(SDKROOT)/Developer/Library/Frameworks",
					"$(inherited)",
				);
				INFOPLIST_FILE = OAuthioSwiftExampleTests/Info.plist;
				LD_RUNPATH_SEARCH_PATHS = "$(inherited) @executable_path/Frameworks @loader_path/Frameworks";
				PRODUCT_BUNDLE_IDENTIFIER = "com.oauthio.$(PRODUCT_NAME:rfc1034identifier)";
				PRODUCT_NAME = "$(TARGET_NAME)";
				SWIFT_VERSION = 3.0;
				TEST_HOST = "$(BUILT_PRODUCTS_DIR)/OAuthioSwiftExample.app/OAuthioSwiftExample";
			};
			name = Release;
		};
/* End XCBuildConfiguration section */

/* Begin XCConfigurationList section */
		7178D4FE1A03A542009DFE3C /* Build configuration list for PBXProject "OAuthioSwiftExample" */ = {
			isa = XCConfigurationList;
			buildConfigurations = (
				7178D5201A03A542009DFE3C /* Debug */,
				7178D5211A03A542009DFE3C /* Release */,
			);
			defaultConfigurationIsVisible = 0;
			defaultConfigurationName = Release;
		};
		7178D5221A03A542009DFE3C /* Build configuration list for PBXNativeTarget "OAuthioSwiftExample" */ = {
			isa = XCConfigurationList;
			buildConfigurations = (
				7178D5231A03A542009DFE3C /* Debug */,
				7178D5241A03A542009DFE3C /* Release */,
			);
			defaultConfigurationIsVisible = 0;
			defaultConfigurationName = Release;
		};
		7178D5251A03A542009DFE3C /* Build configuration list for PBXNativeTarget "OAuthioSwiftExampleTests" */ = {
			isa = XCConfigurationList;
			buildConfigurations = (
				7178D5261A03A542009DFE3C /* Debug */,
				7178D5271A03A542009DFE3C /* Release */,
			);
			defaultConfigurationIsVisible = 0;
			defaultConfigurationName = Release;
		};
/* End XCConfigurationList section */
	};
	rootObject = 7178D4FB1A03A542009DFE3C /* Project object */;
}
